// !$*UTF8*$!
{
	archiveVersion = 1;
	classes = {
	};
	objectVersion = 56;
	objects = {

/* Begin PBXBuildFile section */
		04E1C4C12B217CCC00D62530 /* GibhubDemoApp.swift in Sources */ = {isa = PBXBuildFile; fileRef = 04E1C4C02B217CCC00D62530 /* GibhubDemoApp.swift */; };
		04E1C4C32B217CCC00D62530 /* ContentView.swift in Sources */ = {isa = PBXBuildFile; fileRef = 04E1C4C22B217CCC00D62530 /* ContentView.swift */; };
		04E1C4C52B217CCE00D62530 /* Assets.xcassets in Resources */ = {isa = PBXBuildFile; fileRef = 04E1C4C42B217CCE00D62530 /* Assets.xcassets */; };
		04E1C4C92B217CCE00D62530 /* Preview Assets.xcassets in Resources */ = {isa = PBXBuildFile; fileRef = 04E1C4C82B217CCE00D62530 /* Preview Assets.xcassets */; };
		04E1C4D32B217CCF00D62530 /* GibhubDemoTests.swift in Sources */ = {isa = PBXBuildFile; fileRef = 04E1C4D22B217CCF00D62530 /* GibhubDemoTests.swift */; };
		04E1C4DD2B217CCF00D62530 /* GibhubDemoUITests.swift in Sources */ = {isa = PBXBuildFile; fileRef = 04E1C4DC2B217CCF00D62530 /* GibhubDemoUITests.swift */; };
		04E1C4DF2B217CCF00D62530 /* GibhubDemoUITestsLaunchTests.swift in Sources */ = {isa = PBXBuildFile; fileRef = 04E1C4DE2B217CCF00D62530 /* GibhubDemoUITestsLaunchTests.swift */; };
/* End PBXBuildFile section */

/* Begin PBXContainerItemProxy section */
		04E1C4CF2B217CCF00D62530 /* PBXContainerItemProxy */ = {
			isa = PBXContainerItemProxy;
			containerPortal = 04E1C4B52B217CCC00D62530 /* Project object */;
			proxyType = 1;
			remoteGlobalIDString = 04E1C4BC2B217CCC00D62530;
			remoteInfo = GibhubDemo;
		};
		04E1C4D92B217CCF00D62530 /* PBXContainerItemProxy */ = {
			isa = PBXContainerItemProxy;
			containerPortal = 04E1C4B52B217CCC00D62530 /* Project object */;
			proxyType = 1;
			remoteGlobalIDString = 04E1C4BC2B217CCC00D62530;
			remoteInfo = GibhubDemo;
		};
/* End PBXContainerItemProxy section */

/* Begin PBXFileReference section */
		04E1C4BD2B217CCC00D62530 /* GibhubDemo.app */ = {isa = PBXFileReference; explicitFileType = wrapper.application; includeInIndex = 0; path = GibhubDemo.app; sourceTree = BUILT_PRODUCTS_DIR; };
		04E1C4C02B217CCC00D62530 /* GibhubDemoApp.swift */ = {isa = PBXFileReference; lastKnownFileType = sourcecode.swift; path = GibhubDemoApp.swift; sourceTree = "<group>"; };
		04E1C4C22B217CCC00D62530 /* ContentView.swift */ = {isa = PBXFileReference; lastKnownFileType = sourcecode.swift; path = ContentView.swift; sourceTree = "<group>"; };
		04E1C4C42B217CCE00D62530 /* Assets.xcassets */ = {isa = PBXFileReference; lastKnownFileType = folder.assetcatalog; path = Assets.xcassets; sourceTree = "<group>"; };
		04E1C4C62B217CCE00D62530 /* GibhubDemo.entitlements */ = {isa = PBXFileReference; lastKnownFileType = text.plist.entitlements; path = GibhubDemo.entitlements; sourceTree = "<group>"; };
		04E1C4C82B217CCE00D62530 /* Preview Assets.xcassets */ = {isa = PBXFileReference; lastKnownFileType = folder.assetcatalog; path = "Preview Assets.xcassets"; sourceTree = "<group>"; };
		04E1C4CE2B217CCF00D62530 /* GibhubDemoTests.xctest */ = {isa = PBXFileReference; explicitFileType = wrapper.cfbundle; includeInIndex = 0; path = GibhubDemoTests.xctest; sourceTree = BUILT_PRODUCTS_DIR; };
		04E1C4D22B217CCF00D62530 /* GibhubDemoTests.swift */ = {isa = PBXFileReference; lastKnownFileType = sourcecode.swift; path = GibhubDemoTests.swift; sourceTree = "<group>"; };
		04E1C4D82B217CCF00D62530 /* GibhubDemoUITests.xctest */ = {isa = PBXFileReference; explicitFileType = wrapper.cfbundle; includeInIndex = 0; path = GibhubDemoUITests.xctest; sourceTree = BUILT_PRODUCTS_DIR; };
		04E1C4DC2B217CCF00D62530 /* GibhubDemoUITests.swift */ = {isa = PBXFileReference; lastKnownFileType = sourcecode.swift; path = GibhubDemoUITests.swift; sourceTree = "<group>"; };
		04E1C4DE2B217CCF00D62530 /* GibhubDemoUITestsLaunchTests.swift */ = {isa = PBXFileReference; lastKnownFileType = sourcecode.swift; path = GibhubDemoUITestsLaunchTests.swift; sourceTree = "<group>"; };
/* End PBXFileReference section */

/* Begin PBXFrameworksBuildPhase section */
		04E1C4BA2B217CCC00D62530 /* Frameworks */ = {
			isa = PBXFrameworksBuildPhase;
			buildActionMask = 2147483647;
			files = (
			);
			runOnlyForDeploymentPostprocessing = 0;
		};
		04E1C4CB2B217CCF00D62530 /* Frameworks */ = {
			isa = PBXFrameworksBuildPhase;
			buildActionMask = 2147483647;
			files = (
			);
			runOnlyForDeploymentPostprocessing = 0;
		};
		04E1C4D52B217CCF00D62530 /* Frameworks */ = {
			isa = PBXFrameworksBuildPhase;
			buildActionMask = 2147483647;
			files = (
			);
			runOnlyForDeploymentPostprocessing = 0;
		};
/* End PBXFrameworksBuildPhase section */

/* Begin PBXGroup section */
		04E1C4B42B217CCC00D62530 = {
			isa = PBXGroup;
			children = (
				04E1C4BF2B217CCC00D62530 /* GibhubDemo */,
				04E1C4D12B217CCF00D62530 /* GibhubDemoTests */,
				04E1C4DB2B217CCF00D62530 /* GibhubDemoUITests */,
				04E1C4BE2B217CCC00D62530 /* Products */,
			);
			sourceTree = "<group>";
		};
		04E1C4BE2B217CCC00D62530 /* Products */ = {
			isa = PBXGroup;
			children = (
				04E1C4BD2B217CCC00D62530 /* GibhubDemo.app */,
				04E1C4CE2B217CCF00D62530 /* GibhubDemoTests.xctest */,
				04E1C4D82B217CCF00D62530 /* GibhubDemoUITests.xctest */,
			);
			name = Products;
			sourceTree = "<group>";
		};
		04E1C4BF2B217CCC00D62530 /* GibhubDemo */ = {
			isa = PBXGroup;
			children = (
				04E1C4C02B217CCC00D62530 /* GibhubDemoApp.swift */,
				04E1C4C22B217CCC00D62530 /* ContentView.swift */,
				04E1C4C42B217CCE00D62530 /* Assets.xcassets */,
				04E1C4C62B217CCE00D62530 /* GibhubDemo.entitlements */,
				04E1C4C72B217CCE00D62530 /* Preview Content */,
			);
			path = GibhubDemo;
			sourceTree = "<group>";
		};
		04E1C4C72B217CCE00D62530 /* Preview Content */ = {
			isa = PBXGroup;
			children = (
				04E1C4C82B217CCE00D62530 /* Preview Assets.xcassets */,
			);
			path = "Preview Content";
			sourceTree = "<group>";
		};
		04E1C4D12B217CCF00D62530 /* GibhubDemoTests */ = {
			isa = PBXGroup;
			children = (
				04E1C4D22B217CCF00D62530 /* GibhubDemoTests.swift */,
			);
			path = GibhubDemoTests;
			sourceTree = "<group>";
		};
		04E1C4DB2B217CCF00D62530 /* GibhubDemoUITests */ = {
			isa = PBXGroup;
			children = (
				04E1C4DC2B217CCF00D62530 /* GibhubDemoUITests.swift */,
				04E1C4DE2B217CCF00D62530 /* GibhubDemoUITestsLaunchTests.swift */,
			);
			path = GibhubDemoUITests;
			sourceTree = "<group>";
		};
/* End PBXGroup section */

/* Begin PBXNativeTarget section */
		04E1C4BC2B217CCC00D62530 /* GibhubDemo */ = {
			isa = PBXNativeTarget;
			buildConfigurationList = 04E1C4E22B217CCF00D62530 /* Build configuration list for PBXNativeTarget "GibhubDemo" */;
			buildPhases = (
				04E1C4B92B217CCC00D62530 /* Sources */,
				04E1C4BA2B217CCC00D62530 /* Frameworks */,
				04E1C4BB2B217CCC00D62530 /* Resources */,
			);
			buildRules = (
			);
			dependencies = (
			);
			name = GibhubDemo;
			productName = GibhubDemo;
			productReference = 04E1C4BD2B217CCC00D62530 /* GibhubDemo.app */;
			productType = "com.apple.product-type.application";
		};
		04E1C4CD2B217CCF00D62530 /* GibhubDemoTests */ = {
			isa = PBXNativeTarget;
			buildConfigurationList = 04E1C4E52B217CCF00D62530 /* Build configuration list for PBXNativeTarget "GibhubDemoTests" */;
			buildPhases = (
				04E1C4CA2B217CCF00D62530 /* Sources */,
				04E1C4CB2B217CCF00D62530 /* Frameworks */,
				04E1C4CC2B217CCF00D62530 /* Resources */,
			);
			buildRules = (
			);
			dependencies = (
				04E1C4D02B217CCF00D62530 /* PBXTargetDependency */,
			);
			name = GibhubDemoTests;
			productName = GibhubDemoTests;
			productReference = 04E1C4CE2B217CCF00D62530 /* GibhubDemoTests.xctest */;
			productType = "com.apple.product-type.bundle.unit-test";
		};
		04E1C4D72B217CCF00D62530 /* GibhubDemoUITests */ = {
			isa = PBXNativeTarget;
			buildConfigurationList = 04E1C4E82B217CCF00D62530 /* Build configuration list for PBXNativeTarget "GibhubDemoUITests" */;
			buildPhases = (
				04E1C4D42B217CCF00D62530 /* Sources */,
				04E1C4D52B217CCF00D62530 /* Frameworks */,
				04E1C4D62B217CCF00D62530 /* Resources */,
			);
			buildRules = (
			);
			dependencies = (
				04E1C4DA2B217CCF00D62530 /* PBXTargetDependency */,
			);
			name = GibhubDemoUITests;
			productName = GibhubDemoUITests;
			productReference = 04E1C4D82B217CCF00D62530 /* GibhubDemoUITests.xctest */;
			productType = "com.apple.product-type.bundle.ui-testing";
		};
/* End PBXNativeTarget section */

/* Begin PBXProject section */
		04E1C4B52B217CCC00D62530 /* Project object */ = {
			isa = PBXProject;
			attributes = {
				BuildIndependentTargetsInParallel = 1;
				LastSwiftUpdateCheck = 1500;
				LastUpgradeCheck = 1500;
				TargetAttributes = {
					04E1C4BC2B217CCC00D62530 = {
						CreatedOnToolsVersion = 15.0.1;
					};
					04E1C4CD2B217CCF00D62530 = {
						CreatedOnToolsVersion = 15.0.1;
						TestTargetID = 04E1C4BC2B217CCC00D62530;
					};
					04E1C4D72B217CCF00D62530 = {
						CreatedOnToolsVersion = 15.0.1;
						TestTargetID = 04E1C4BC2B217CCC00D62530;
					};
				};
			};
			buildConfigurationList = 04E1C4B82B217CCC00D62530 /* Build configuration list for PBXProject "GibhubDemo" */;
			compatibilityVersion = "Xcode 14.0";
			developmentRegion = en;
			hasScannedForEncodings = 0;
			knownRegions = (
				en,
				Base,
			);
			mainGroup = 04E1C4B42B217CCC00D62530;
			productRefGroup = 04E1C4BE2B217CCC00D62530 /* Products */;
			projectDirPath = "";
			projectRoot = "";
			targets = (
				04E1C4BC2B217CCC00D62530 /* GibhubDemo */,
				04E1C4CD2B217CCF00D62530 /* GibhubDemoTests */,
				04E1C4D72B217CCF00D62530 /* GibhubDemoUITests */,
			);
		};
/* End PBXProject section */

/* Begin PBXResourcesBuildPhase section */
		04E1C4BB2B217CCC00D62530 /* Resources */ = {
			isa = PBXResourcesBuildPhase;
			buildActionMask = 2147483647;
			files = (
				04E1C4C92B217CCE00D62530 /* Preview Assets.xcassets in Resources */,
				04E1C4C52B217CCE00D62530 /* Assets.xcassets in Resources */,
			);
			runOnlyForDeploymentPostprocessing = 0;
		};
		04E1C4CC2B217CCF00D62530 /* Resources */ = {
			isa = PBXResourcesBuildPhase;
			buildActionMask = 2147483647;
			files = (
			);
			runOnlyForDeploymentPostprocessing = 0;
		};
		04E1C4D62B217CCF00D62530 /* Resources */ = {
			isa = PBXResourcesBuildPhase;
			buildActionMask = 2147483647;
			files = (
			);
			runOnlyForDeploymentPostprocessing = 0;
		};
/* End PBXResourcesBuildPhase section */

/* Begin PBXSourcesBuildPhase section */
		04E1C4B92B217CCC00D62530 /* Sources */ = {
			isa = PBXSourcesBuildPhase;
			buildActionMask = 2147483647;
			files = (
				04E1C4C32B217CCC00D62530 /* ContentView.swift in Sources */,
				04E1C4C12B217CCC00D62530 /* GibhubDemoApp.swift in Sources */,
			);
			runOnlyForDeploymentPostprocessing = 0;
		};
		04E1C4CA2B217CCF00D62530 /* Sources */ = {
			isa = PBXSourcesBuildPhase;
			buildActionMask = 2147483647;
			files = (
				04E1C4D32B217CCF00D62530 /* GibhubDemoTests.swift in Sources */,
			);
			runOnlyForDeploymentPostprocessing = 0;
		};
		04E1C4D42B217CCF00D62530 /* Sources */ = {
			isa = PBXSourcesBuildPhase;
			buildActionMask = 2147483647;
			files = (
				04E1C4DF2B217CCF00D62530 /* GibhubDemoUITestsLaunchTests.swift in Sources */,
				04E1C4DD2B217CCF00D62530 /* GibhubDemoUITests.swift in Sources */,
			);
			runOnlyForDeploymentPostprocessing = 0;
		};
/* End PBXSourcesBuildPhase section */

/* Begin PBXTargetDependency section */
		04E1C4D02B217CCF00D62530 /* PBXTargetDependency */ = {
			isa = PBXTargetDependency;
			target = 04E1C4BC2B217CCC00D62530 /* GibhubDemo */;
			targetProxy = 04E1C4CF2B217CCF00D62530 /* PBXContainerItemProxy */;
		};
		04E1C4DA2B217CCF00D62530 /* PBXTargetDependency */ = {
			isa = PBXTargetDependency;
			target = 04E1C4BC2B217CCC00D62530 /* GibhubDemo */;
			targetProxy = 04E1C4D92B217CCF00D62530 /* PBXContainerItemProxy */;
		};
/* End PBXTargetDependency section */

/* Begin XCBuildConfiguration section */
		04E1C4E02B217CCF00D62530 /* Debug */ = {
			isa = XCBuildConfiguration;
			buildSettings = {
				ALWAYS_SEARCH_USER_PATHS = NO;
				ASSETCATALOG_COMPILER_GENERATE_SWIFT_ASSET_SYMBOL_EXTENSIONS = YES;
				CLANG_ANALYZER_NONNULL = YES;
				CLANG_ANALYZER_NUMBER_OBJECT_CONVERSION = YES_AGGRESSIVE;
				CLANG_CXX_LANGUAGE_STANDARD = "gnu++20";
				CLANG_ENABLE_MODULES = YES;
				CLANG_ENABLE_OBJC_ARC = YES;
				CLANG_ENABLE_OBJC_WEAK = YES;
				CLANG_WARN_BLOCK_CAPTURE_AUTORELEASING = YES;
				CLANG_WARN_BOOL_CONVERSION = YES;
				CLANG_WARN_COMMA = YES;
				CLANG_WARN_CONSTANT_CONVERSION = YES;
				CLANG_WARN_DEPRECATED_OBJC_IMPLEMENTATIONS = YES;
				CLANG_WARN_DIRECT_OBJC_ISA_USAGE = YES_ERROR;
				CLANG_WARN_DOCUMENTATION_COMMENTS = YES;
				CLANG_WARN_EMPTY_BODY = YES;
				CLANG_WARN_ENUM_CONVERSION = YES;
				CLANG_WARN_INFINITE_RECURSION = YES;
				CLANG_WARN_INT_CONVERSION = YES;
				CLANG_WARN_NON_LITERAL_NULL_CONVERSION = YES;
				CLANG_WARN_OBJC_IMPLICIT_RETAIN_SELF = YES;
				CLANG_WARN_OBJC_LITERAL_CONVERSION = YES;
				CLANG_WARN_OBJC_ROOT_CLASS = YES_ERROR;
				CLANG_WARN_QUOTED_INCLUDE_IN_FRAMEWORK_HEADER = YES;
				CLANG_WARN_RANGE_LOOP_ANALYSIS = YES;
				CLANG_WARN_STRICT_PROTOTYPES = YES;
				CLANG_WARN_SUSPICIOUS_MOVE = YES;
				CLANG_WARN_UNGUARDED_AVAILABILITY = YES_AGGRESSIVE;
				CLANG_WARN_UNREACHABLE_CODE = YES;
				CLANG_WARN__DUPLICATE_METHOD_MATCH = YES;
				COPY_PHASE_STRIP = NO;
				DEBUG_INFORMATION_FORMAT = dwarf;
				ENABLE_STRICT_OBJC_MSGSEND = YES;
				ENABLE_TESTABILITY = YES;
				ENABLE_USER_SCRIPT_SANDBOXING = YES;
				GCC_C_LANGUAGE_STANDARD = gnu17;
				GCC_DYNAMIC_NO_PIC = NO;
				GCC_NO_COMMON_BLOCKS = YES;
				GCC_OPTIMIZATION_LEVEL = 0;
				GCC_PREPROCESSOR_DEFINITIONS = (
					"DEBUG=1",
					"$(inherited)",
				);
				GCC_WARN_64_TO_32_BIT_CONVERSION = YES;
				GCC_WARN_ABOUT_RETURN_TYPE = YES_ERROR;
				GCC_WARN_UNDECLARED_SELECTOR = YES;
				GCC_WARN_UNINITIALIZED_AUTOS = YES_AGGRESSIVE;
				GCC_WARN_UNUSED_FUNCTION = YES;
				GCC_WARN_UNUSED_VARIABLE = YES;
				LOCALIZATION_PREFERS_STRING_CATALOGS = YES;
				MTL_ENABLE_DEBUG_INFO = INCLUDE_SOURCE;
				MTL_FAST_MATH = YES;
				ONLY_ACTIVE_ARCH = YES;
				SWIFT_ACTIVE_COMPILATION_CONDITIONS = "DEBUG $(inherited)";
				SWIFT_OPTIMIZATION_LEVEL = "-Onone";
			};
			name = Debug;
		};
		04E1C4E12B217CCF00D62530 /* Release */ = {
			isa = XCBuildConfiguration;
			buildSettings = {
				ALWAYS_SEARCH_USER_PATHS = NO;
				ASSETCATALOG_COMPILER_GENERATE_SWIFT_ASSET_SYMBOL_EXTENSIONS = YES;
				CLANG_ANALYZER_NONNULL = YES;
				CLANG_ANALYZER_NUMBER_OBJECT_CONVERSION = YES_AGGRESSIVE;
				CLANG_CXX_LANGUAGE_STANDARD = "gnu++20";
				CLANG_ENABLE_MODULES = YES;
				CLANG_ENABLE_OBJC_ARC = YES;
				CLANG_ENABLE_OBJC_WEAK = YES;
				CLANG_WARN_BLOCK_CAPTURE_AUTORELEASING = YES;
				CLANG_WARN_BOOL_CONVERSION = YES;
				CLANG_WARN_COMMA = YES;
				CLANG_WARN_CONSTANT_CONVERSION = YES;
				CLANG_WARN_DEPRECATED_OBJC_IMPLEMENTATIONS = YES;
				CLANG_WARN_DIRECT_OBJC_ISA_USAGE = YES_ERROR;
				CLANG_WARN_DOCUMENTATION_COMMENTS = YES;
				CLANG_WARN_EMPTY_BODY = YES;
				CLANG_WARN_ENUM_CONVERSION = YES;
				CLANG_WARN_INFINITE_RECURSION = YES;
				CLANG_WARN_INT_CONVERSION = YES;
				CLANG_WARN_NON_LITERAL_NULL_CONVERSION = YES;
				CLANG_WARN_OBJC_IMPLICIT_RETAIN_SELF = YES;
				CLANG_WARN_OBJC_LITERAL_CONVERSION = YES;
				CLANG_WARN_OBJC_ROOT_CLASS = YES_ERROR;
				CLANG_WARN_QUOTED_INCLUDE_IN_FRAMEWORK_HEADER = YES;
				CLANG_WARN_RANGE_LOOP_ANALYSIS = YES;
				CLANG_WARN_STRICT_PROTOTYPES = YES;
				CLANG_WARN_SUSPICIOUS_MOVE = YES;
				CLANG_WARN_UNGUARDED_AVAILABILITY = YES_AGGRESSIVE;
				CLANG_WARN_UNREACHABLE_CODE = YES;
				CLANG_WARN__DUPLICATE_METHOD_MATCH = YES;
				COPY_PHASE_STRIP = NO;
				DEBUG_INFORMATION_FORMAT = "dwarf-with-dsym";
				ENABLE_NS_ASSERTIONS = NO;
				ENABLE_STRICT_OBJC_MSGSEND = YES;
				ENABLE_USER_SCRIPT_SANDBOXING = YES;
				GCC_C_LANGUAGE_STANDARD = gnu17;
				GCC_NO_COMMON_BLOCKS = YES;
				GCC_WARN_64_TO_32_BIT_CONVERSION = YES;
				GCC_WARN_ABOUT_RETURN_TYPE = YES_ERROR;
				GCC_WARN_UNDECLARED_SELECTOR = YES;
				GCC_WARN_UNINITIALIZED_AUTOS = YES_AGGRESSIVE;
				GCC_WARN_UNUSED_FUNCTION = YES;
				GCC_WARN_UNUSED_VARIABLE = YES;
				LOCALIZATION_PREFERS_STRING_CATALOGS = YES;
				MTL_ENABLE_DEBUG_INFO = NO;
				MTL_FAST_MATH = YES;
				SWIFT_COMPILATION_MODE = wholemodule;
			};
			name = Release;
		};
		04E1C4E32B217CCF00D62530 /* Debug */ = {
			isa = XCBuildConfiguration;
			buildSettings = {
				ASSETCATALOG_COMPILER_APPICON_NAME = AppIcon;
				ASSETCATALOG_COMPILER_GLOBAL_ACCENT_COLOR_NAME = AccentColor;
				CODE_SIGN_ENTITLEMENTS = GibhubDemo/GibhubDemo.entitlements;
				CODE_SIGN_STYLE = Automatic;
				CURRENT_PROJECT_VERSION = 1;
				DEVELOPMENT_ASSET_PATHS = "\"GibhubDemo/Preview Content\"";
				ENABLE_PREVIEWS = YES;
				GENERATE_INFOPLIST_FILE = YES;
				"INFOPLIST_KEY_UIApplicationSceneManifest_Generation[sdk=iphoneos*]" = YES;
				"INFOPLIST_KEY_UIApplicationSceneManifest_Generation[sdk=iphonesimulator*]" = YES;
				"INFOPLIST_KEY_UIApplicationSupportsIndirectInputEvents[sdk=iphoneos*]" = YES;
				"INFOPLIST_KEY_UIApplicationSupportsIndirectInputEvents[sdk=iphonesimulator*]" = YES;
				"INFOPLIST_KEY_UILaunchScreen_Generation[sdk=iphoneos*]" = YES;
				"INFOPLIST_KEY_UILaunchScreen_Generation[sdk=iphonesimulator*]" = YES;
				"INFOPLIST_KEY_UIStatusBarStyle[sdk=iphoneos*]" = UIStatusBarStyleDefault;
				"INFOPLIST_KEY_UIStatusBarStyle[sdk=iphonesimulator*]" = UIStatusBarStyleDefault;
				INFOPLIST_KEY_UISupportedInterfaceOrientations_iPad = "UIInterfaceOrientationPortrait UIInterfaceOrientationPortraitUpsideDown UIInterfaceOrientationLandscapeLeft UIInterfaceOrientationLandscapeRight";
				INFOPLIST_KEY_UISupportedInterfaceOrientations_iPhone = "UIInterfaceOrientationPortrait UIInterfaceOrientationLandscapeLeft UIInterfaceOrientationLandscapeRight";
				IPHONEOS_DEPLOYMENT_TARGET = 17.0;
				LD_RUNPATH_SEARCH_PATHS = "@executable_path/Frameworks";
				"LD_RUNPATH_SEARCH_PATHS[sdk=macosx*]" = "@executable_path/../Frameworks";
				MACOSX_DEPLOYMENT_TARGET = 13.6;
				MARKETING_VERSION = 1.0;
				PRODUCT_BUNDLE_IDENTIFIER = JohnnyTranfx.GibhubDemo;
				PRODUCT_NAME = "$(TARGET_NAME)";
				SDKROOT = auto;
				SUPPORTED_PLATFORMS = "iphoneos iphonesimulator macosx";
				SWIFT_EMIT_LOC_STRINGS = YES;
				SWIFT_VERSION = 5.0;
				TARGETED_DEVICE_FAMILY = "1,2";
			};
			name = Debug;
		};
		04E1C4E42B217CCF00D62530 /* Release */ = {
			isa = XCBuildConfiguration;
			buildSettings = {
				ASSETCATALOG_COMPILER_APPICON_NAME = AppIcon;
				ASSETCATALOG_COMPILER_GLOBAL_ACCENT_COLOR_NAME = AccentColor;
				CODE_SIGN_ENTITLEMENTS = GibhubDemo/GibhubDemo.entitlements;
				CODE_SIGN_STYLE = Automatic;
				CURRENT_PROJECT_VERSION = 1;
				DEVELOPMENT_ASSET_PATHS = "\"GibhubDemo/Preview Content\"";
				ENABLE_PREVIEWS = YES;
				GENERATE_INFOPLIST_FILE = YES;
				"INFOPLIST_KEY_UIApplicationSceneManifest_Generation[sdk=iphoneos*]" = YES;
				"INFOPLIST_KEY_UIApplicationSceneManifest_Generation[sdk=iphonesimulator*]" = YES;
				"INFOPLIST_KEY_UIApplicationSupportsIndirectInputEvents[sdk=iphoneos*]" = YES;
				"INFOPLIST_KEY_UIApplicationSupportsIndirectInputEvents[sdk=iphonesimulator*]" = YES;
				"INFOPLIST_KEY_UILaunchScreen_Generation[sdk=iphoneos*]" = YES;
				"INFOPLIST_KEY_UILaunchScreen_Generation[sdk=iphonesimulator*]" = YES;
				"INFOPLIST_KEY_UIStatusBarStyle[sdk=iphoneos*]" = UIStatusBarStyleDefault;
				"INFOPLIST_KEY_UIStatusBarStyle[sdk=iphonesimulator*]" = UIStatusBarStyleDefault;
				INFOPLIST_KEY_UISupportedInterfaceOrientations_iPad = "UIInterfaceOrientationPortrait UIInterfaceOrientationPortraitUpsideDown UIInterfaceOrientationLandscapeLeft UIInterfaceOrientationLandscapeRight";
				INFOPLIST_KEY_UISupportedInterfaceOrientations_iPhone = "UIInterfaceOrientationPortrait UIInterfaceOrientationLandscapeLeft UIInterfaceOrientationLandscapeRight";
				IPHONEOS_DEPLOYMENT_TARGET = 17.0;
				LD_RUNPATH_SEARCH_PATHS = "@executable_path/Frameworks";
				"LD_RUNPATH_SEARCH_PATHS[sdk=macosx*]" = "@executable_path/../Frameworks";
				MACOSX_DEPLOYMENT_TARGET = 13.6;
				MARKETING_VERSION = 1.0;
				PRODUCT_BUNDLE_IDENTIFIER = JohnnyTranfx.GibhubDemo;
				PRODUCT_NAME = "$(TARGET_NAME)";
				SDKROOT = auto;
				SUPPORTED_PLATFORMS = "iphoneos iphonesimulator macosx";
				SWIFT_EMIT_LOC_STRINGS = YES;
				SWIFT_VERSION = 5.0;
				TARGETED_DEVICE_FAMILY = "1,2";
			};
			name = Release;
		};
		04E1C4E62B217CCF00D62530 /* Debug */ = {
			isa = XCBuildConfiguration;
			buildSettings = {
				ALWAYS_EMBED_SWIFT_STANDARD_LIBRARIES = YES;
				BUNDLE_LOADER = "$(TEST_HOST)";
				CODE_SIGN_STYLE = Automatic;
				CURRENT_PROJECT_VERSION = 1;
				GENERATE_INFOPLIST_FILE = YES;
				IPHONEOS_DEPLOYMENT_TARGET = 17.0;
				MACOSX_DEPLOYMENT_TARGET = 13.6;
				MARKETING_VERSION = 1.0;
				PRODUCT_BUNDLE_IDENTIFIER = JohnnyTranfx.GibhubDemoTests;
				PRODUCT_NAME = "$(TARGET_NAME)";
				SDKROOT = auto;
				SUPPORTED_PLATFORMS = "iphoneos iphonesimulator macosx";
				SWIFT_EMIT_LOC_STRINGS = NO;
				SWIFT_VERSION = 5.0;
				TARGETED_DEVICE_FAMILY = "1,2";
				TEST_HOST = "$(BUILT_PRODUCTS_DIR)/GibhubDemo.app/$(BUNDLE_EXECUTABLE_FOLDER_PATH)/GibhubDemo";
			};
			name = Debug;
		};
		04E1C4E72B217CCF00D62530 /* Release */ = {
			isa = XCBuildConfiguration;
			buildSettings = {
				ALWAYS_EMBED_SWIFT_STANDARD_LIBRARIES = YES;
				BUNDLE_LOADER = "$(TEST_HOST)";
				CODE_SIGN_STYLE = Automatic;
				CURRENT_PROJECT_VERSION = 1;
				GENERATE_INFOPLIST_FILE = YES;
				IPHONEOS_DEPLOYMENT_TARGET = 17.0;
				MACOSX_DEPLOYMENT_TARGET = 13.6;
				MARKETING_VERSION = 1.0;
				PRODUCT_BUNDLE_IDENTIFIER = JohnnyTranfx.GibhubDemoTests;
				PRODUCT_NAME = "$(TARGET_NAME)";
				SDKROOT = auto;
				SUPPORTED_PLATFORMS = "iphoneos iphonesimulator macosx";
				SWIFT_EMIT_LOC_STRINGS = NO;
				SWIFT_VERSION = 5.0;
				TARGETED_DEVICE_FAMILY = "1,2";
				TEST_HOST = "$(BUILT_PRODUCTS_DIR)/GibhubDemo.app/$(BUNDLE_EXECUTABLE_FOLDER_PATH)/GibhubDemo";
			};
			name = Release;
		};
		04E1C4E92B217CCF00D62530 /* Debug */ = {
			isa = XCBuildConfiguration;
			buildSettings = {
				ALWAYS_EMBED_SWIFT_STANDARD_LIBRARIES = YES;
				CODE_SIGN_STYLE = Automatic;
				CURRENT_PROJECT_VERSION = 1;
				GENERATE_INFOPLIST_FILE = YES;
				IPHONEOS_DEPLOYMENT_TARGET = 17.0;
				MACOSX_DEPLOYMENT_TARGET = 13.6;
				MARKETING_VERSION = 1.0;
				PRODUCT_BUNDLE_IDENTIFIER = JohnnyTranfx.GibhubDemoUITests;
				PRODUCT_NAME = "$(TARGET_NAME)";
				SDKROOT = auto;
				SUPPORTED_PLATFORMS = "iphoneos iphonesimulator macosx";
				SWIFT_EMIT_LOC_STRINGS = NO;
				SWIFT_VERSION = 5.0;
				TARGETED_DEVICE_FAMILY = "1,2";
				TEST_TARGET_NAME = GibhubDemo;
			};
			name = Debug;
		};
		04E1C4EA2B217CCF00D62530 /* Release */ = {
			isa = XCBuildConfiguration;
			buildSettings = {
				ALWAYS_EMBED_SWIFT_STANDARD_LIBRARIES = YES;
				CODE_SIGN_STYLE = Automatic;
				CURRENT_PROJECT_VERSION = 1;
				GENERATE_INFOPLIST_FILE = YES;
				IPHONEOS_DEPLOYMENT_TARGET = 17.0;
				MACOSX_DEPLOYMENT_TARGET = 13.6;
				MARKETING_VERSION = 1.0;
				PRODUCT_BUNDLE_IDENTIFIER = JohnnyTranfx.GibhubDemoUITests;
				PRODUCT_NAME = "$(TARGET_NAME)";
				SDKROOT = auto;
				SUPPORTED_PLATFORMS = "iphoneos iphonesimulator macosx";
				SWIFT_EMIT_LOC_STRINGS = NO;
				SWIFT_VERSION = 5.0;
				TARGETED_DEVICE_FAMILY = "1,2";
				TEST_TARGET_NAME = GibhubDemo;
			};
			name = Release;
		};
/* End XCBuildConfiguration section */

/* Begin XCConfigurationList section */
		04E1C4B82B217CCC00D62530 /* Build configuration list for PBXProject "GibhubDemo" */ = {
			isa = XCConfigurationList;
			buildConfigurations = (
				04E1C4E02B217CCF00D62530 /* Debug */,
				04E1C4E12B217CCF00D62530 /* Release */,
			);
			defaultConfigurationIsVisible = 0;
			defaultConfigurationName = Release;
		};
		04E1C4E22B217CCF00D62530 /* Build configuration list for PBXNativeTarget "GibhubDemo" */ = {
			isa = XCConfigurationList;
			buildConfigurations = (
				04E1C4E32B217CCF00D62530 /* Debug */,
				04E1C4E42B217CCF00D62530 /* Release */,
			);
			defaultConfigurationIsVisible = 0;
			defaultConfigurationName = Release;
		};
		04E1C4E52B217CCF00D62530 /* Build configuration list for PBXNativeTarget "GibhubDemoTests" */ = {
			isa = XCConfigurationList;
			buildConfigurations = (
				04E1C4E62B217CCF00D62530 /* Debug */,
				04E1C4E72B217CCF00D62530 /* Release */,
			);
			defaultConfigurationIsVisible = 0;
			defaultConfigurationName = Release;
		};
		04E1C4E82B217CCF00D62530 /* Build configuration list for PBXNativeTarget "GibhubDemoUITests" */ = {
			isa = XCConfigurationList;
			buildConfigurations = (
				04E1C4E92B217CCF00D62530 /* Debug */,
				04E1C4EA2B217CCF00D62530 /* Release */,
			);
			defaultConfigurationIsVisible = 0;
			defaultConfigurationName = Release;
		};
/* End XCConfigurationList section */
	};
	rootObject = 04E1C4B52B217CCC00D62530 /* Project object */;
}
